
Microsoft Visual Studio Solution File, Format Version 12.00
# Visual Studio Version 17
VisualStudioVersion = 17.7.34024.191
MinimumVisualStudioVersion = 10.0.40219.1
Project("{FAE04EC0-301F-11D3-BF4B-00C04F79EFBC}") = "MullayarovLab5", "MullayarovLab5.csproj", "{F24D8DF5-9CA0-4B9A-A209-F4DAC8C63D81}"
EndProject
Global
	GlobalSection(SolutionConfigurationPlatforms) = preSolution
		Debug|Any CPU = Debug|Any CPU
		Release|Any CPU = Release|Any CPU
	EndGlobalSection
	GlobalSection(ProjectConfigurationPlatforms) = postSolution
		{F24D8DF5-9CA0-4B9A-A209-F4DAC8C63D81}.Debug|Any CPU.ActiveCfg = Debug|Any CPU
		{F24D8DF5-9CA0-4B9A-A209-F4DAC8C63D81}.Debug|Any CPU.Build.0 = Debug|Any CPU
		{F24D8DF5-9CA0-4B9A-A209-F4DAC8C63D81}.Release|Any CPU.ActiveCfg = Release|Any CPU
		{F24D8DF5-9CA0-4B9A-A209-F4DAC8C63D81}.Release|Any CPU.Build.0 = Release|Any CPU
	EndGlobalSection
	GlobalSection(SolutionProperties) = preSolution
		HideSolutionNode = FALSE
	EndGlobalSection
	GlobalSection(ExtensibilityGlobals) = postSolution
		SolutionGuid = {A002F702-B459-4121-94E0-7CD1822A2AFF}
	EndGlobalSection
EndGlobal
